
Microsoft Visual Studio Solution File, Format Version 12.00
# Visual Studio 14
VisualStudioVersion = 14.0.25420.1
MinimumVisualStudioVersion = 10.0.40219.1
Project("{FAE04EC0-301F-11D3-BF4B-00C04F79EFBC}") = "YZWJ.New.Web.MVC", "YZWJ.New.Web\YZWJ.New.Web.MVC.csproj", "{A0B7F5A6-8C9F-43C7-8BFE-4DEC95CF615D}"
EndProject
Project("{FAE04EC0-301F-11D3-BF4B-00C04F79EFBC}") = "YZWJ.New.Service", "YZWJ.New.Service\YZWJ.New.Service.csproj", "{EF7633E1-D1D3-4C71-AA49-42C07E3621AA}"
EndProject
Global
	GlobalSection(SolutionConfigurationPlatforms) = preSolution
		Debug|Any CPU = Debug|Any CPU
		Release|Any CPU = Release|Any CPU
	EndGlobalSection
	GlobalSection(ProjectConfigurationPlatforms) = postSolution
		{A0B7F5A6-8C9F-43C7-8BFE-4DEC95CF615D}.Debug|Any CPU.ActiveCfg = Debug|Any CPU
		{A0B7F5A6-8C9F-43C7-8BFE-4DEC95CF615D}.Debug|Any CPU.Build.0 = Debug|Any CPU
		{A0B7F5A6-8C9F-43C7-8BFE-4DEC95CF615D}.Release|Any CPU.ActiveCfg = Release|Any CPU
		{A0B7F5A6-8C9F-43C7-8BFE-4DEC95CF615D}.Release|Any CPU.Build.0 = Release|Any CPU
		{EF7633E1-D1D3-4C71-AA49-42C07E3621AA}.Debug|Any CPU.ActiveCfg = Debug|Any CPU
		{EF7633E1-D1D3-4C71-AA49-42C07E3621AA}.Debug|Any CPU.Build.0 = Debug|Any CPU
		{EF7633E1-D1D3-4C71-AA49-42C07E3621AA}.Release|Any CPU.ActiveCfg = Release|Any CPU
		{EF7633E1-D1D3-4C71-AA49-42C07E3621AA}.Release|Any CPU.Build.0 = Release|Any CPU
	EndGlobalSection
	GlobalSection(SolutionProperties) = preSolution
		HideSolutionNode = FALSE
	EndGlobalSection
EndGlobal
